<?xml version="1.0" encoding="utf-8"?>
<Project ToolsVersion="17.0" xmlns="http://schemas.microsoft.com/developer/msbuild/2003">
  <ItemGroup>
    <ClCompile Include="D:\Visual Studio\Libraries\EADLibrary\BymlLibrary\Interop\lib\oead\lib\abseil\absl\synchronization\barrier.cc">
      <Filter>Source Files</Filter>
    </ClCompile>
    <ClCompile Include="D:\Visual Studio\Libraries\EADLibrary\BymlLibrary\Interop\lib\oead\lib\abseil\absl\synchronization\blocking_counter.cc">
      <Filter>Source Files</Filter>
    </ClCompile>
    <ClCompile Include="D:\Visual Studio\Libraries\EADLibrary\BymlLibrary\Interop\lib\oead\lib\abseil\absl\synchronization\internal\create_thread_identity.cc">
      <Filter>Source Files</Filter>
    </ClCompile>
    <ClCompile Include="D:\Visual Studio\Libraries\EADLibrary\BymlLibrary\Interop\lib\oead\lib\abseil\absl\synchronization\internal\per_thread_sem.cc">
      <Filter>Source Files</Filter>
    </ClCompile>
    <ClCompile Include="D:\Visual Studio\Libraries\EADLibrary\BymlLibrary\Interop\lib\oead\lib\abseil\absl\synchronization\internal\waiter.cc">
      <Filter>Source Files</Filter>
    </ClCompile>
    <ClCompile Include="D:\Visual Studio\Libraries\EADLibrary\BymlLibrary\Interop\lib\oead\lib\abseil\absl\synchronization\notification.cc">
      <Filter>Source Files</Filter>
    </ClCompile>
    <ClCompile Include="D:\Visual Studio\Libraries\EADLibrary\BymlLibrary\Interop\lib\oead\lib\abseil\absl\synchronization\mutex.cc">
      <Filter>Source Files</Filter>
    </ClCompile>
  </ItemGroup>
  <ItemGroup>
    <ClInclude Include="D:\Visual Studio\Libraries\EADLibrary\BymlLibrary\Interop\lib\oead\lib\abseil\absl\synchronization\barrier.h">
      <Filter>Header Files</Filter>
    </ClInclude>
    <ClInclude Include="D:\Visual Studio\Libraries\EADLibrary\BymlLibrary\Interop\lib\oead\lib\abseil\absl\synchronization\blocking_counter.h">
      <Filter>Header Files</Filter>
    </ClInclude>
    <ClInclude Include="D:\Visual Studio\Libraries\EADLibrary\BymlLibrary\Interop\lib\oead\lib\abseil\absl\synchronization\internal\create_thread_identity.h">
      <Filter>Header Files</Filter>
    </ClInclude>
    <ClInclude Include="D:\Visual Studio\Libraries\EADLibrary\BymlLibrary\Interop\lib\oead\lib\abseil\absl\synchronization\internal\futex.h">
      <Filter>Header Files</Filter>
    </ClInclude>
    <ClInclude Include="D:\Visual Studio\Libraries\EADLibrary\BymlLibrary\Interop\lib\oead\lib\abseil\absl\synchronization\internal\per_thread_sem.h">
      <Filter>Header Files</Filter>
    </ClInclude>
    <ClInclude Include="D:\Visual Studio\Libraries\EADLibrary\BymlLibrary\Interop\lib\oead\lib\abseil\absl\synchronization\internal\waiter.h">
      <Filter>Header Files</Filter>
    </ClInclude>
    <ClInclude Include="D:\Visual Studio\Libraries\EADLibrary\BymlLibrary\Interop\lib\oead\lib\abseil\absl\synchronization\mutex.h">
      <Filter>Header Files</Filter>
    </ClInclude>
    <ClInclude Include="D:\Visual Studio\Libraries\EADLibrary\BymlLibrary\Interop\lib\oead\lib\abseil\absl\synchronization\notification.h">
      <Filter>Header Files</Filter>
    </ClInclude>
  </ItemGroup>
  <ItemGroup>
    <CustomBuild Include="D:\Visual Studio\Libraries\EADLibrary\BymlLibrary\Interop\lib\oead\lib\abseil\absl\synchronization\CMakeLists.txt" />
  </ItemGroup>
  <ItemGroup>
    <Filter Include="Header Files">
      <UniqueIdentifier>{8D69CDBD-BA9C-3543-A94D-E37D75014A44}</UniqueIdentifier>
    </Filter>
    <Filter Include="Source Files">
      <UniqueIdentifier>{FCAEBDDA-3835-32B2-ADAF-941D66C60470}</UniqueIdentifier>
    </Filter>
  </ItemGroup>
</Project>
