
Microsoft Visual Studio Solution File, Format Version 12.00
# Visual Studio Version 17
Project("{2150E333-8FDC-42A3-9474-1A3956D46DE8}") = "CMakePredefinedTargets", "CMakePredefinedTargets", "{18632A3A-20F1-3E11-8BD4-D8AC8BA980EF}"
EndProject
Project("{2150E333-8FDC-42A3-9474-1A3956D46DE8}") = "c4core", "c4core", "{DD1B64F7-8A5F-3CFE-A08B-F286D0768148}"
EndProject
Project("{8BC9CEB8-8B4A-11D0-8D11-00A0C91BC942}") = "ALL_BUILD", "ALL_BUILD.vcxproj", "{DFF320A8-84B8-3D55-954A-EFC1FC2F6781}"
	ProjectSection(ProjectDependencies) = postProject
		{F3EBEA1D-AB8A-3FFA-8F20-0130D50CC793} = {F3EBEA1D-AB8A-3FFA-8F20-0130D50CC793}
		{8BA40604-6F39-385D-816F-C004B5DD1EE2} = {8BA40604-6F39-385D-816F-C004B5DD1EE2}
		{ECC3A19C-4467-3B47-AF00-05935A0E19C6} = {ECC3A19C-4467-3B47-AF00-05935A0E19C6}
	EndProjectSection
EndProject
Project("{8BC9CEB8-8B4A-11D0-8D11-00A0C91BC942}") = "INSTALL", "INSTALL.vcxproj", "{3021DC38-7045-3A51-BA46-A06F08832D88}"
	ProjectSection(ProjectDependencies) = postProject
		{DFF320A8-84B8-3D55-954A-EFC1FC2F6781} = {DFF320A8-84B8-3D55-954A-EFC1FC2F6781}
		{F3EBEA1D-AB8A-3FFA-8F20-0130D50CC793} = {F3EBEA1D-AB8A-3FFA-8F20-0130D50CC793}
	EndProjectSection
EndProject
Project("{8BC9CEB8-8B4A-11D0-8D11-00A0C91BC942}") = "ZERO_CHECK", "..\..\..\..\\ZERO_CHECK.vcxproj", "{F3EBEA1D-AB8A-3FFA-8F20-0130D50CC793}"
	ProjectSection(ProjectDependencies) = postProject
	EndProjectSection
EndProject
Project("{8BC9CEB8-8B4A-11D0-8D11-00A0C91BC942}") = "c4core", "subprojects\c4core\build\c4core.vcxproj", "{8BA40604-6F39-385D-816F-C004B5DD1EE2}"
	ProjectSection(ProjectDependencies) = postProject
		{F3EBEA1D-AB8A-3FFA-8F20-0130D50CC793} = {F3EBEA1D-AB8A-3FFA-8F20-0130D50CC793}
	EndProjectSection
EndProject
Project("{8BC9CEB8-8B4A-11D0-8D11-00A0C91BC942}") = "ryml", "ryml.vcxproj", "{ECC3A19C-4467-3B47-AF00-05935A0E19C6}"
	ProjectSection(ProjectDependencies) = postProject
		{F3EBEA1D-AB8A-3FFA-8F20-0130D50CC793} = {F3EBEA1D-AB8A-3FFA-8F20-0130D50CC793}
	EndProjectSection
EndProject
Global
	GlobalSection(SolutionConfigurationPlatforms) = preSolution
		Debug|x64 = Debug|x64
		Release|x64 = Release|x64
		MinSizeRel|x64 = MinSizeRel|x64
		RelWithDebInfo|x64 = RelWithDebInfo|x64
	EndGlobalSection
	GlobalSection(ProjectConfigurationPlatforms) = postSolution
		{DFF320A8-84B8-3D55-954A-EFC1FC2F6781}.Debug|x64.ActiveCfg = Debug|x64
		{DFF320A8-84B8-3D55-954A-EFC1FC2F6781}.Debug|x64.Build.0 = Debug|x64
		{DFF320A8-84B8-3D55-954A-EFC1FC2F6781}.Release|x64.ActiveCfg = Release|x64
		{DFF320A8-84B8-3D55-954A-EFC1FC2F6781}.Release|x64.Build.0 = Release|x64
		{DFF320A8-84B8-3D55-954A-EFC1FC2F6781}.MinSizeRel|x64.ActiveCfg = MinSizeRel|x64
		{DFF320A8-84B8-3D55-954A-EFC1FC2F6781}.MinSizeRel|x64.Build.0 = MinSizeRel|x64
		{DFF320A8-84B8-3D55-954A-EFC1FC2F6781}.RelWithDebInfo|x64.ActiveCfg = RelWithDebInfo|x64
		{DFF320A8-84B8-3D55-954A-EFC1FC2F6781}.RelWithDebInfo|x64.Build.0 = RelWithDebInfo|x64
		{3021DC38-7045-3A51-BA46-A06F08832D88}.Debug|x64.ActiveCfg = Debug|x64
		{3021DC38-7045-3A51-BA46-A06F08832D88}.Release|x64.ActiveCfg = Release|x64
		{3021DC38-7045-3A51-BA46-A06F08832D88}.MinSizeRel|x64.ActiveCfg = MinSizeRel|x64
		{3021DC38-7045-3A51-BA46-A06F08832D88}.RelWithDebInfo|x64.ActiveCfg = RelWithDebInfo|x64
		{F3EBEA1D-AB8A-3FFA-8F20-0130D50CC793}.Debug|x64.ActiveCfg = Debug|x64
		{F3EBEA1D-AB8A-3FFA-8F20-0130D50CC793}.Debug|x64.Build.0 = Debug|x64
		{F3EBEA1D-AB8A-3FFA-8F20-0130D50CC793}.Release|x64.ActiveCfg = Release|x64
		{F3EBEA1D-AB8A-3FFA-8F20-0130D50CC793}.Release|x64.Build.0 = Release|x64
		{F3EBEA1D-AB8A-3FFA-8F20-0130D50CC793}.MinSizeRel|x64.ActiveCfg = MinSizeRel|x64
		{F3EBEA1D-AB8A-3FFA-8F20-0130D50CC793}.MinSizeRel|x64.Build.0 = MinSizeRel|x64
		{F3EBEA1D-AB8A-3FFA-8F20-0130D50CC793}.RelWithDebInfo|x64.ActiveCfg = RelWithDebInfo|x64
		{F3EBEA1D-AB8A-3FFA-8F20-0130D50CC793}.RelWithDebInfo|x64.Build.0 = RelWithDebInfo|x64
		{8BA40604-6F39-385D-816F-C004B5DD1EE2}.Debug|x64.ActiveCfg = Debug|x64
		{8BA40604-6F39-385D-816F-C004B5DD1EE2}.Debug|x64.Build.0 = Debug|x64
		{8BA40604-6F39-385D-816F-C004B5DD1EE2}.Release|x64.ActiveCfg = Release|x64
		{8BA40604-6F39-385D-816F-C004B5DD1EE2}.Release|x64.Build.0 = Release|x64
		{8BA40604-6F39-385D-816F-C004B5DD1EE2}.MinSizeRel|x64.ActiveCfg = MinSizeRel|x64
		{8BA40604-6F39-385D-816F-C004B5DD1EE2}.MinSizeRel|x64.Build.0 = MinSizeRel|x64
		{8BA40604-6F39-385D-816F-C004B5DD1EE2}.RelWithDebInfo|x64.ActiveCfg = RelWithDebInfo|x64
		{8BA40604-6F39-385D-816F-C004B5DD1EE2}.RelWithDebInfo|x64.Build.0 = RelWithDebInfo|x64
		{ECC3A19C-4467-3B47-AF00-05935A0E19C6}.Debug|x64.ActiveCfg = Debug|x64
		{ECC3A19C-4467-3B47-AF00-05935A0E19C6}.Debug|x64.Build.0 = Debug|x64
		{ECC3A19C-4467-3B47-AF00-05935A0E19C6}.Release|x64.ActiveCfg = Release|x64
		{ECC3A19C-4467-3B47-AF00-05935A0E19C6}.Release|x64.Build.0 = Release|x64
		{ECC3A19C-4467-3B47-AF00-05935A0E19C6}.MinSizeRel|x64.ActiveCfg = MinSizeRel|x64
		{ECC3A19C-4467-3B47-AF00-05935A0E19C6}.MinSizeRel|x64.Build.0 = MinSizeRel|x64
		{ECC3A19C-4467-3B47-AF00-05935A0E19C6}.RelWithDebInfo|x64.ActiveCfg = RelWithDebInfo|x64
		{ECC3A19C-4467-3B47-AF00-05935A0E19C6}.RelWithDebInfo|x64.Build.0 = RelWithDebInfo|x64
	EndGlobalSection
	GlobalSection(NestedProjects) = preSolution
		{DFF320A8-84B8-3D55-954A-EFC1FC2F6781} = {18632A3A-20F1-3E11-8BD4-D8AC8BA980EF}
		{3021DC38-7045-3A51-BA46-A06F08832D88} = {18632A3A-20F1-3E11-8BD4-D8AC8BA980EF}
		{F3EBEA1D-AB8A-3FFA-8F20-0130D50CC793} = {18632A3A-20F1-3E11-8BD4-D8AC8BA980EF}
		{8BA40604-6F39-385D-816F-C004B5DD1EE2} = {DD1B64F7-8A5F-3CFE-A08B-F286D0768148}
	EndGlobalSection
	GlobalSection(ExtensibilityGlobals) = postSolution
		SolutionGuid = {2B74E230-8FF6-317D-901F-BB94BB7DD01E}
	EndGlobalSection
	GlobalSection(ExtensibilityAddIns) = postSolution
	EndGlobalSection
EndGlobal
