<?xml version="1.0" encoding="utf-8"?>
<Project ToolsVersion="17.0" xmlns="http://schemas.microsoft.com/developer/msbuild/2003">
  <ItemGroup>
    <ClCompile Include="D:\Visual Studio\Libraries\EADLibrary\BymlLibrary\Interop\.build-vs\lib\oead\__cmrc_oead_res\lib.cpp">
      <Filter>Source Files</Filter>
    </ClCompile>
    <ClCompile Include="D:\Visual Studio\Libraries\EADLibrary\BymlLibrary\Interop\.build-vs\lib\oead\__cmrc_oead_res\intermediate\data\aglenv_file_info.json.cpp">
      <Filter>Source Files</Filter>
    </ClCompile>
    <ClCompile Include="D:\Visual Studio\Libraries\EADLibrary\BymlLibrary\Interop\.build-vs\lib\oead\__cmrc_oead_res\intermediate\data\botw_hashed_names.txt.cpp">
      <Filter>Source Files</Filter>
    </ClCompile>
    <ClCompile Include="D:\Visual Studio\Libraries\EADLibrary\BymlLibrary\Interop\.build-vs\lib\oead\__cmrc_oead_res\intermediate\data\botw_numbered_names.txt.cpp">
      <Filter>Source Files</Filter>
    </ClCompile>
    <ClCompile Include="D:\Visual Studio\Libraries\EADLibrary\BymlLibrary\Interop\.build-vs\lib\oead\__cmrc_oead_res\intermediate\data\botw_resource_factory_info.tsv.cpp">
      <Filter>Source Files</Filter>
    </ClCompile>
  </ItemGroup>
  <ItemGroup>
    <CustomBuild Include="D:\Visual Studio\Libraries\EADLibrary\BymlLibrary\Interop\.build-vs\CMakeFiles\021340eadeb5d91ae510be0be900ad30\lib.cpp.rule">
      <Filter>CMake Rules</Filter>
    </CustomBuild>
    <CustomBuild Include="D:\Visual Studio\Libraries\EADLibrary\BymlLibrary\Interop\.build-vs\CMakeFiles\d3562cd49e1ee0f58daf9b6435c7dd55\aglenv_file_info.json.cpp.rule">
      <Filter>CMake Rules</Filter>
    </CustomBuild>
    <CustomBuild Include="D:\Visual Studio\Libraries\EADLibrary\BymlLibrary\Interop\.build-vs\CMakeFiles\d3562cd49e1ee0f58daf9b6435c7dd55\botw_hashed_names.txt.cpp.rule">
      <Filter>CMake Rules</Filter>
    </CustomBuild>
    <CustomBuild Include="D:\Visual Studio\Libraries\EADLibrary\BymlLibrary\Interop\.build-vs\CMakeFiles\d3562cd49e1ee0f58daf9b6435c7dd55\botw_numbered_names.txt.cpp.rule">
      <Filter>CMake Rules</Filter>
    </CustomBuild>
    <CustomBuild Include="D:\Visual Studio\Libraries\EADLibrary\BymlLibrary\Interop\.build-vs\CMakeFiles\d3562cd49e1ee0f58daf9b6435c7dd55\botw_resource_factory_info.tsv.cpp.rule">
      <Filter>CMake Rules</Filter>
    </CustomBuild>
    <CustomBuild Include="D:\Visual Studio\Libraries\EADLibrary\BymlLibrary\Interop\lib\oead\CMakeLists.txt" />
  </ItemGroup>
  <ItemGroup>
    <Filter Include="CMake Rules">
      <UniqueIdentifier>{32108AD5-E3B1-339B-9CE7-A884010A3E36}</UniqueIdentifier>
    </Filter>
    <Filter Include="Source Files">
      <UniqueIdentifier>{FCAEBDDA-3835-32B2-ADAF-941D66C60470}</UniqueIdentifier>
    </Filter>
  </ItemGroup>
</Project>
