<?xml version="1.0" encoding="utf-8"?>
<Project ToolsVersion="17.0" xmlns="http://schemas.microsoft.com/developer/msbuild/2003">
  <ItemGroup>
    <CustomBuild Include="D:\Visual Studio\Libraries\EADLibrary\BymlLibrary\Interop\.build-vs\CMakeFiles\9e01f75837fc35a4d937796695fa74e5\INSTALL_force.rule">
      <Filter>CMake Rules</Filter>
    </CustomBuild>
  </ItemGroup>
  <ItemGroup>
    <Filter Include="CMake Rules">
      <UniqueIdentifier>{32108AD5-E3B1-339B-9CE7-A884010A3E36}</UniqueIdentifier>
    </Filter>
  </ItemGroup>
</Project>
